
Microsoft Visual Studio Solution File, Format Version 12.00
# Visual Studio Version 16
VisualStudioVersion = 16.0.30225.117
MinimumVisualStudioVersion = 10.0.40219.1
Project("{FAE04EC0-301F-11D3-BF4B-00C04F79EFBC}") = "ENLogger", "ENLogger.csproj", "{52DA12C2-7AE5-4390-A5D6-9AB6FC7990FD}"
EndProject
Project("{FAE04EC0-301F-11D3-BF4B-00C04F79EFBC}") = "SchedulerLib", "..\SchedulerLib\SchedulerLib.csproj", "{4F291973-916F-4DCE-A09E-3B9B79B1DA84}"
EndProject
Global
	GlobalSection(SolutionConfigurationPlatforms) = preSolution
		Debug|Any CPU = Debug|Any CPU
		Release|Any CPU = Release|Any CPU
	EndGlobalSection
	GlobalSection(ProjectConfigurationPlatforms) = postSolution
		{52DA12C2-7AE5-4390-A5D6-9AB6FC7990FD}.Debug|Any CPU.ActiveCfg = Debug|Any CPU
		{52DA12C2-7AE5-4390-A5D6-9AB6FC7990FD}.Debug|Any CPU.Build.0 = Debug|Any CPU
		{52DA12C2-7AE5-4390-A5D6-9AB6FC7990FD}.Release|Any CPU.ActiveCfg = Release|Any CPU
		{52DA12C2-7AE5-4390-A5D6-9AB6FC7990FD}.Release|Any CPU.Build.0 = Release|Any CPU
		{4F291973-916F-4DCE-A09E-3B9B79B1DA84}.Debug|Any CPU.ActiveCfg = Debug|Any CPU
		{4F291973-916F-4DCE-A09E-3B9B79B1DA84}.Debug|Any CPU.Build.0 = Debug|Any CPU
		{4F291973-916F-4DCE-A09E-3B9B79B1DA84}.Release|Any CPU.ActiveCfg = Release|Any CPU
		{4F291973-916F-4DCE-A09E-3B9B79B1DA84}.Release|Any CPU.Build.0 = Release|Any CPU
	EndGlobalSection
	GlobalSection(SolutionProperties) = preSolution
		HideSolutionNode = FALSE
	EndGlobalSection
	GlobalSection(ExtensibilityGlobals) = postSolution
		SolutionGuid = {E56C438D-2575-4B29-80FD-4239CE238A28}
	EndGlobalSection
EndGlobal
